
Microsoft Visual Studio Solution File, Format Version 12.00
# Visual Studio Version 17
VisualStudioVersion = 17.9.34616.47
MinimumVisualStudioVersion = 10.0.40219.1
Project("{9A19103F-16F7-4668-BE54-9A1E7A4F7556}") = "pract4_OKFKS", "pract4_OKFKS\pract4_OKFKS.csproj", "{F8434184-E4D2-41FA-8BDC-5CF61D8B17E9}"
EndProject
Project("{FAE04EC0-301F-11D3-BF4B-00C04F79EFBC}") = "pract4_OKFKS_Tests", "pract4_OKFKS_Tests\pract4_OKFKS_Tests.csproj", "{6C9D35CA-3CF0-480C-8363-1142C3D36EAF}"
EndProject
Global
	GlobalSection(SolutionConfigurationPlatforms) = preSolution
		Debug|Any CPU = Debug|Any CPU
		Release|Any CPU = Release|Any CPU
	EndGlobalSection
	GlobalSection(ProjectConfigurationPlatforms) = postSolution
		{F8434184-E4D2-41FA-8BDC-5CF61D8B17E9}.Debug|Any CPU.ActiveCfg = Debug|Any CPU
		{F8434184-E4D2-41FA-8BDC-5CF61D8B17E9}.Debug|Any CPU.Build.0 = Debug|Any CPU
		{F8434184-E4D2-41FA-8BDC-5CF61D8B17E9}.Release|Any CPU.ActiveCfg = Release|Any CPU
		{F8434184-E4D2-41FA-8BDC-5CF61D8B17E9}.Release|Any CPU.Build.0 = Release|Any CPU
		{6C9D35CA-3CF0-480C-8363-1142C3D36EAF}.Debug|Any CPU.ActiveCfg = Debug|Any CPU
		{6C9D35CA-3CF0-480C-8363-1142C3D36EAF}.Debug|Any CPU.Build.0 = Debug|Any CPU
		{6C9D35CA-3CF0-480C-8363-1142C3D36EAF}.Release|Any CPU.ActiveCfg = Release|Any CPU
		{6C9D35CA-3CF0-480C-8363-1142C3D36EAF}.Release|Any CPU.Build.0 = Release|Any CPU
	EndGlobalSection
	GlobalSection(SolutionProperties) = preSolution
		HideSolutionNode = FALSE
	EndGlobalSection
	GlobalSection(ExtensibilityGlobals) = postSolution
		SolutionGuid = {7B3788D0-11A9-436E-9A29-B18411B2CC87}
	EndGlobalSection
EndGlobal
